# THIS IS AN AUTOGENERATED FILE. DO NOT EDIT THIS FILE DIRECTLY.
# yarn lockfile v1


"@types/plotly.js@*":
  version "2.12.5"
  resolved "https://registry.npmmirror.com/@types/plotly.js/-/plotly.js-2.12.5.tgz#b3515fc5e0d939324be90742fde28c842ad27bc6"
  integrity sha512-DZydmPSYTrJw5gVQViJCsYNS0pBfkqQ+nXTxmaMD5q6GhvM0ckKo3rRhskwAcJfO9booBGiX/z0njUNXfrLPxA==

"@types/prop-types@*":
  version "15.7.5"
  resolved "https://registry.npmmirror.com/@types/prop-types/-/prop-types-15.7.5.tgz#5f19d2b85a98e9558036f6a3cacc8819420f05cf"
  integrity sha512-JCB8C6SnDoQf0cNycqd/35A7MjcnK+ZTqE7judS6o7utxUCg6imJg3QK2qzHKszlTjcj2cn+NwMB2i96ubpj7w==

"@types/react-plotly.js@^2.5.2":
  version "2.5.2"
  resolved "https://registry.npmmirror.com/@types/react-plotly.js/-/react-plotly.js-2.5.2.tgz#e326e0480a5bd31edae8a962e02a63313b34ec17"
  integrity sha512-hsCEdgGTEkeEXI8ZlB0qOgXCcDjq3NGsi/mlxOasAclScvk1i4b+ajaOj+J/j2Ay86I2a7eDxpuTHrBdVyUrkg==
  dependencies:
    "@types/plotly.js" "*"
    "@types/react" "*"

"@types/react@*":
  version "18.0.21"
  resolved "https://registry.npmmirror.com/@types/react/-/react-18.0.21.tgz#b8209e9626bb00a34c76f55482697edd2b43cc67"
  integrity sha512-7QUCOxvFgnD5Jk8ZKlUAhVcRj7GuJRjnjjiY/IUBWKgOlnvDvTMLD4RTF7NPyVmbRhNrbomZiOepg7M/2Kj1mA==
  dependencies:
    "@types/prop-types" "*"
    "@types/scheduler" "*"
    csstype "^3.0.2"

"@types/scheduler@*":
  version "0.16.2"
  resolved "https://registry.npmmirror.com/@types/scheduler/-/scheduler-0.16.2.tgz#1a62f89525723dde24ba1b01b092bf5df8ad4d39"
  integrity sha512-hppQEBDmlwhFAXKJX2KnWLYu5yMfi91yazPb2l+lbJiwW+wdo1gNeRA+3RgNSO39WYX2euey41KEwnqesU2Jew==

csstype@^3.0.2:
  version "3.1.1"
  resolved "https://registry.npmmirror.com/csstype/-/csstype-3.1.1.tgz#841b532c45c758ee546a11d5bd7b7b473c8c30b9"
  integrity sha512-DJR/VvkAvSZW9bTouZue2sSxDwdTN92uHjqeKVm+0dAqdfNykRzQ95tay8aXMBAAPpUiq4Qcug2L7neoRh2Egw==
